
Microsoft Visual Studio Solution File, Format Version 12.00
# Visual Studio Version 17
VisualStudioVersion = 17.4.33122.133
MinimumVisualStudioVersion = 10.0.40219.1
Project("{FAE04EC0-301F-11D3-BF4B-00C04F79EFBC}") = "RobingHood", "RobAndEscape\RobingHood.csproj", "{78B7525A-EE68-4BA5-AE36-5DCD7F9B27C3}"
EndProject
Project("{2150E333-8FDC-42A3-9474-1A3956D46DE8}") = "Solution Items", "Solution Items", "{A2F9E141-8620-4DF0-89CD-EF89ED8E87AC}"
	ProjectSection(SolutionItems) = preProject
		.editorconfig = .editorconfig
	EndProjectSection
EndProject
Global
	GlobalSection(SolutionConfigurationPlatforms) = preSolution
		Debug|Any CPU = Debug|Any CPU
		Release|Any CPU = Release|Any CPU
	EndGlobalSection
	GlobalSection(ProjectConfigurationPlatforms) = postSolution
		{78B7525A-EE68-4BA5-AE36-5DCD7F9B27C3}.Debug|Any CPU.ActiveCfg = Debug|Any CPU
		{78B7525A-EE68-4BA5-AE36-5DCD7F9B27C3}.Debug|Any CPU.Build.0 = Debug|Any CPU
		{78B7525A-EE68-4BA5-AE36-5DCD7F9B27C3}.Release|Any CPU.ActiveCfg = Release|Any CPU
		{78B7525A-EE68-4BA5-AE36-5DCD7F9B27C3}.Release|Any CPU.Build.0 = Release|Any CPU
	EndGlobalSection
	GlobalSection(SolutionProperties) = preSolution
		HideSolutionNode = FALSE
	EndGlobalSection
	GlobalSection(ExtensibilityGlobals) = postSolution
		SolutionGuid = {07E649FC-19C8-46F5-95FE-7874B1B413D6}
	EndGlobalSection
EndGlobal
